
Microsoft Visual Studio Solution File, Format Version 12.00
# Visual Studio 15
VisualStudioVersion = 15.0.28307.779
MinimumVisualStudioVersion = 10.0.40219.1
Project("{9A19103F-16F7-4668-BE54-9A1E7A4F7556}") = "BotDL", "BotDL.csproj", "{76F92148-D01E-4445-971E-1DFE9B57C482}"
EndProject
Global
	GlobalSection(SolutionConfigurationPlatforms) = preSolution
		Debug|Any CPU = Debug|Any CPU
		Release|Any CPU = Release|Any CPU
	EndGlobalSection
	GlobalSection(ProjectConfigurationPlatforms) = postSolution
		{76F92148-D01E-4445-971E-1DFE9B57C482}.Debug|Any CPU.ActiveCfg = Debug|Any CPU
		{76F92148-D01E-4445-971E-1DFE9B57C482}.Debug|Any CPU.Build.0 = Debug|Any CPU
		{76F92148-D01E-4445-971E-1DFE9B57C482}.Release|Any CPU.ActiveCfg = Release|Any CPU
		{76F92148-D01E-4445-971E-1DFE9B57C482}.Release|Any CPU.Build.0 = Release|Any CPU
	EndGlobalSection
	GlobalSection(SolutionProperties) = preSolution
		HideSolutionNode = FALSE
	EndGlobalSection
	GlobalSection(ExtensibilityGlobals) = postSolution
		SolutionGuid = {1FBD1252-624D-4EF2-9505-905D01503C78}
	EndGlobalSection
EndGlobal
